
Microsoft Visual Studio Solution File, Format Version 12.00
# Visual Studio Version 16
VisualStudioVersion = 16.0.31702.278
MinimumVisualStudioVersion = 10.0.40219.1
Project("{FAE04EC0-301F-11D3-BF4B-00C04F79EFBC}") = "DependencyInjectionContainer", "DependencyInjectionContainer\DependencyInjectionContainer.csproj", "{C5CD3B05-89C4-4A5A-BD1B-969BDE28C64F}"
EndProject
Global
	GlobalSection(SolutionConfigurationPlatforms) = preSolution
		Debug|Any CPU = Debug|Any CPU
		Release|Any CPU = Release|Any CPU
	EndGlobalSection
	GlobalSection(ProjectConfigurationPlatforms) = postSolution
		{C5CD3B05-89C4-4A5A-BD1B-969BDE28C64F}.Debug|Any CPU.ActiveCfg = Debug|Any CPU
		{C5CD3B05-89C4-4A5A-BD1B-969BDE28C64F}.Debug|Any CPU.Build.0 = Debug|Any CPU
		{C5CD3B05-89C4-4A5A-BD1B-969BDE28C64F}.Release|Any CPU.ActiveCfg = Release|Any CPU
		{C5CD3B05-89C4-4A5A-BD1B-969BDE28C64F}.Release|Any CPU.Build.0 = Release|Any CPU
	EndGlobalSection
	GlobalSection(SolutionProperties) = preSolution
		HideSolutionNode = FALSE
	EndGlobalSection
	GlobalSection(ExtensibilityGlobals) = postSolution
		SolutionGuid = {B1A28BDA-D5D7-4AB7-92D3-AC04F09CBF5B}
	EndGlobalSection
EndGlobal
